
Microsoft Visual Studio Solution File, Format Version 12.00
# Visual Studio Version 17
VisualStudioVersion = 17.0.32014.148
MinimumVisualStudioVersion = 10.0.40219.1
Project("{9A19103F-16F7-4668-BE54-9A1E7A4F7556}") = "LibraryApp", "LibraryApp\LibraryApp.csproj", "{6CA907B2-6268-4841-996F-F0A0116BC5EC}"
EndProject
Project("{FAE04EC0-301F-11D3-BF4B-00C04F79EFBC}") = "LibraryAppMSTest", "LibraryAppMSTest\LibraryAppMSTest.csproj", "{A7662419-AD48-4216-91E3-2BBA6A71C374}"
EndProject
Project("{FAE04EC0-301F-11D3-BF4B-00C04F79EFBC}") = "LibraryAppNUnitTest", "LibraryAppNUnitTest\LibraryAppNUnitTest.csproj", "{839F2EB9-C855-478F-AE68-19069535B65F}"
EndProject
Global
	GlobalSection(SolutionConfigurationPlatforms) = preSolution
		Debug|Any CPU = Debug|Any CPU
		Release|Any CPU = Release|Any CPU
	EndGlobalSection
	GlobalSection(ProjectConfigurationPlatforms) = postSolution
		{6CA907B2-6268-4841-996F-F0A0116BC5EC}.Debug|Any CPU.ActiveCfg = Debug|Any CPU
		{6CA907B2-6268-4841-996F-F0A0116BC5EC}.Debug|Any CPU.Build.0 = Debug|Any CPU
		{6CA907B2-6268-4841-996F-F0A0116BC5EC}.Release|Any CPU.ActiveCfg = Release|Any CPU
		{6CA907B2-6268-4841-996F-F0A0116BC5EC}.Release|Any CPU.Build.0 = Release|Any CPU
		{A7662419-AD48-4216-91E3-2BBA6A71C374}.Debug|Any CPU.ActiveCfg = Debug|Any CPU
		{A7662419-AD48-4216-91E3-2BBA6A71C374}.Debug|Any CPU.Build.0 = Debug|Any CPU
		{A7662419-AD48-4216-91E3-2BBA6A71C374}.Release|Any CPU.ActiveCfg = Release|Any CPU
		{A7662419-AD48-4216-91E3-2BBA6A71C374}.Release|Any CPU.Build.0 = Release|Any CPU
		{839F2EB9-C855-478F-AE68-19069535B65F}.Debug|Any CPU.ActiveCfg = Debug|Any CPU
		{839F2EB9-C855-478F-AE68-19069535B65F}.Debug|Any CPU.Build.0 = Debug|Any CPU
		{839F2EB9-C855-478F-AE68-19069535B65F}.Release|Any CPU.ActiveCfg = Release|Any CPU
		{839F2EB9-C855-478F-AE68-19069535B65F}.Release|Any CPU.Build.0 = Release|Any CPU
	EndGlobalSection
	GlobalSection(SolutionProperties) = preSolution
		HideSolutionNode = FALSE
	EndGlobalSection
	GlobalSection(ExtensibilityGlobals) = postSolution
		SolutionGuid = {E7BAF3C0-8D9C-4A14-AEDC-DA06E74AFFC6}
	EndGlobalSection
EndGlobal
